{
  "lockfile_version": "1",
  "packages": {
    "ansible-doctor@8.2.1": {
      "last_modified": "2026-02-27T06:27:13Z",
      "resolved": "github:NixOS/nixpkgs/c0f3d81a7ddbc2b1332be0d8481a672b4f6004d6#ansible-doctor",
      "source": "devbox-search",
      "version": "8.2.1",
      "systems": {
        "aarch64-darwin": {
          "outputs": [
            {
              "name": "out",
              "path": "/nix/store/ilccl99hhwbdp98m5xqp8y1ai6vnm72j-ansible-doctor-8.2.1",
              "default": true
            },
            {
              "name": "dist",
              "path": "/nix/store/kr3nhhl88pgs7ybhg2ci3mfnl7hdjjaf-ansible-doctor-8.2.1-dist"
            }
          ],
          "store_path": "/nix/store/ilccl99hhwbdp98m5xqp8y1ai6vnm72j-ansible-doctor-8.2.1"
        },
        "aarch64-linux": {
          "outputs": [
            {
              "name": "out",
              "path": "/nix/store/87kv5fw5dwfqbad1dpj24f6ss8z3pjm9-ansible-doctor-8.2.1",
              "default": true
            },
            {
              "name": "dist",
              "path": "/nix/store/g5bgag24b5hz64783sy9yd78b7icchsj-ansible-doctor-8.2.1-dist"
            }
          ],
          "store_path": "/nix/store/87kv5fw5dwfqbad1dpj24f6ss8z3pjm9-ansible-doctor-8.2.1"
        },
        "x86_64-darwin": {
          "outputs": [
            {
              "name": "out",
              "path": "/nix/store/32493z9i9jidnr69l2zzw329n0x4zkqn-ansible-doctor-8.2.1",
              "default": true
            },
            {
              "name": "dist",
              "path": "/nix/store/jbrjwqivpn4kmh96knlr1i3762a1221y-ansible-doctor-8.2.1-dist"
            }
          ],
          "store_path": "/nix/store/32493z9i9jidnr69l2zzw329n0x4zkqn-ansible-doctor-8.2.1"
        },
        "x86_64-linux": {
          "outputs": [
            {
              "name": "out",
              "path": "/nix/store/q21s5pm9s64bck5b8vkgqsnyqwd93xgb-ansible-doctor-8.2.1",
              "default": true
            },
            {
              "name": "dist",
              "path": "/nix/store/yds7j37wzy90cmbs6mwnzy07ka672lis-ansible-doctor-8.2.1-dist"
            }
          ],
          "store_path": "/nix/store/q21s5pm9s64bck5b8vkgqsnyqwd93xgb-ansible-doctor-8.2.1"
        }
      }
    },
    "ansible-lint@25.8.2": {
      "last_modified": "2026-02-23T15:40:43Z",
      "resolved": "github:NixOS/nixpkgs/80d901ec0377e19ac3f7bb8c035201e2e098cc97#ansible-lint",
      "source": "devbox-search",
      "version": "25.8.2",
      "systems": {
        "aarch64-darwin": {
          "outputs": [
            {
              "name": "out",
              "path": "/nix/store/mjskl85krfzd41arccdkfl620l2lm78r-ansible-lint-25.8.2",
              "default": true
            },
            {
              "name": "dist",
              "path": "/nix/store/7f06jd2niywhjjgrkjw9wpgr6ax1j152-ansible-lint-25.8.2-dist"
            }
          ],
          "store_path": "/nix/store/mjskl85krfzd41arccdkfl620l2lm78r-ansible-lint-25.8.2"
        },
        "aarch64-linux": {
          "outputs": [
            {
              "name": "out",
              "path": "/nix/store/77lmjsfvvarm2y4sa8xyargxh44bc9f9-ansible-lint-25.8.2",
              "default": true
            },
            {
              "name": "dist",
              "path": "/nix/store/8p2lbjnwvrpyb0jai6g4wi6xkqjlcrw1-ansible-lint-25.8.2-dist"
            }
          ],
          "store_path": "/nix/store/77lmjsfvvarm2y4sa8xyargxh44bc9f9-ansible-lint-25.8.2"
        },
        "x86_64-darwin": {
          "outputs": [
            {
              "name": "out",
              "path": "/nix/store/ribng4j3cp5pgp33wl7ngdgabc4y2rf8-ansible-lint-25.8.2",
              "default": true
            },
            {
              "name": "dist",
              "path": "/nix/store/kgwzzz45lpfkq4z3jxbjs5b30yqz9p0j-ansible-lint-25.8.2-dist"
            }
          ],
          "store_path": "/nix/store/ribng4j3cp5pgp33wl7ngdgabc4y2rf8-ansible-lint-25.8.2"
        },
        "x86_64-linux": {
          "outputs": [
            {
              "name": "out",
              "path": "/nix/store/gjmmc1s7zip559afj2pycf67zc6mb6i5-ansible-lint-25.8.2",
              "default": true
            },
            {
              "name": "dist",
              "path": "/nix/store/rvyq0q7010y17bl47hfqgw8nl4ilfj1z-ansible-lint-25.8.2-dist"
            }
          ],
          "store_path": "/nix/store/gjmmc1s7zip559afj2pycf67zc6mb6i5-ansible-lint-25.8.2"
        }
      }
    },
    "git@2.53.0": {
      "last_modified": "2026-03-03T16:23:08Z",
      "resolved": "github:NixOS/nixpkgs/87f6b6e02cb3f87a1be4f939326c94c8af9d55d8#git",
      "source": "devbox-search",
      "version": "2.53.0",
      "systems": {
        "aarch64-darwin": {
          "outputs": [
            {
              "name": "out",
              "path": "/nix/store/rfbzyqcygzpyh5ncb79n07x8bhws2pq3-git-2.53.0",
              "default": true
            },
            {
              "name": "doc",
              "path": "/nix/store/lgbyzfz2j1j7g47331i5684765akl38m-git-2.53.0-doc"
            }
          ],
          "store_path": "/nix/store/rfbzyqcygzpyh5ncb79n07x8bhws2pq3-git-2.53.0"
        },
        "aarch64-linux": {
          "outputs": [
            {
              "name": "out",
              "path": "/nix/store/xz8bzpl5fz92bkhcdmf4g45znvvzcakd-git-2.53.0",
              "default": true
            },
            {
              "name": "debug",
              "path": "/nix/store/xr7sgggqixdji66nhax03lwmk25ms7af-git-2.53.0-debug"
            },
            {
              "name": "doc",
              "path": "/nix/store/lspm2ph3iad5y9irmh2wms6bm3nhhy76-git-2.53.0-doc"
            }
          ],
          "store_path": "/nix/store/xz8bzpl5fz92bkhcdmf4g45znvvzcakd-git-2.53.0"
        },
        "x86_64-darwin": {
          "outputs": [
            {
              "name": "out",
              "path": "/nix/store/bmddbpv896f9rgnm0835434qjiqh1psc-git-2.53.0",
              "default": true
            },
            {
              "name": "doc",
              "path": "/nix/store/0wx1wdjy7imyv7cp6p6m2l17ycq7n3q4-git-2.53.0-doc"
            }
          ],
          "store_path": "/nix/store/bmddbpv896f9rgnm0835434qjiqh1psc-git-2.53.0"
        },
        "x86_64-linux": {
          "outputs": [
            {
              "name": "out",
              "path": "/nix/store/8x49w8i0vafv34rlc6h4a0f7z0z2qpb5-git-2.53.0",
              "default": true
            },
            {
              "name": "debug",
              "path": "/nix/store/i9fi7yqx2z2dryn80w5pr4b1v4nmyida-git-2.53.0-debug"
            },
            {
              "name": "doc",
              "path": "/nix/store/frqc9w8q0dxsg7b8w3j0cv1lb9bd6xww-git-2.53.0-doc"
            }
          ],
          "store_path": "/nix/store/8x49w8i0vafv34rlc6h4a0f7z0z2qpb5-git-2.53.0"
        }
      }
    },
    "github:NixOS/nixpkgs/nixpkgs-unstable": {
      "last_modified": "2026-02-27T06:27:13Z",
      "resolved": "github:NixOS/nixpkgs/c0f3d81a7ddbc2b1332be0d8481a672b4f6004d6?lastModified=1772173633&narHash=sha256-MOH58F4AIbCkh6qlQcwMycyk5SWvsqnS%2FTCfnqDlpj4%3D"
    },
    "glibcLocales@2.40-66": {
      "last_modified": "2025-12-31T03:27:36Z",
      "resolved": "github:NixOS/nixpkgs/f665af0cdb70ed27e1bd8f9fdfecaf451260fc55#glibcLocales",
      "source": "devbox-search",
      "version": "2.40-66",
      "systems": {
        "aarch64-linux": {
          "outputs": [
            {
              "name": "out",
              "path": "/nix/store/0mrra8k6h7dvs6dmq3f4ilsm0v33d01z-glibc-locales-2.40-66",
              "default": true
            }
          ],
          "store_path": "/nix/store/0mrra8k6h7dvs6dmq3f4ilsm0v33d01z-glibc-locales-2.40-66"
        },
        "x86_64-linux": {
          "outputs": [
            {
              "name": "out",
              "path": "/nix/store/wmwyf3bxrhg5ssd477dp99986wh4mzmm-glibc-locales-2.40-66",
              "default": true
            }
          ],
          "store_path": "/nix/store/wmwyf3bxrhg5ssd477dp99986wh4mzmm-glibc-locales-2.40-66"
        }
      }
    },
    "go-task@3.48.0": {
      "last_modified": "2026-02-23T15:40:43Z",
      "resolved": "github:NixOS/nixpkgs/80d901ec0377e19ac3f7bb8c035201e2e098cc97#go-task",
      "source": "devbox-search",
      "version": "3.48.0",
      "systems": {
        "aarch64-darwin": {
          "outputs": [
            {
              "name": "out",
              "path": "/nix/store/lwkw29yi53lijzfjqcp01jkaqa5493wi-go-task-3.48.0",
              "default": true
            }
          ],
          "store_path": "/nix/store/lwkw29yi53lijzfjqcp01jkaqa5493wi-go-task-3.48.0"
        },
        "aarch64-linux": {
          "outputs": [
            {
              "name": "out",
              "path": "/nix/store/f6g3n71njj281hawy8chz56c6dy6icb9-go-task-3.48.0",
              "default": true
            }
          ],
          "store_path": "/nix/store/f6g3n71njj281hawy8chz56c6dy6icb9-go-task-3.48.0"
        },
        "x86_64-darwin": {
          "outputs": [
            {
              "name": "out",
              "path": "/nix/store/8ncbi1skdp8x0h5abwxrawffknrascmq-go-task-3.48.0",
              "default": true
            }
          ],
          "store_path": "/nix/store/8ncbi1skdp8x0h5abwxrawffknrascmq-go-task-3.48.0"
        },
        "x86_64-linux": {
          "outputs": [
            {
              "name": "out",
              "path": "/nix/store/5divyc7qn687x3cyq5gnyh46vgx7g9by-go-task-3.48.0",
              "default": true
            }
          ],
          "store_path": "/nix/store/5divyc7qn687x3cyq5gnyh46vgx7g9by-go-task-3.48.0"
        }
      }
    },
    "podman@5.8.0": {
      "last_modified": "2026-03-01T09:58:01Z",
      "resolved": "github:NixOS/nixpkgs/42bbf3e1e000963f4f3f37daa822c67c4d8856c4#podman",
      "source": "devbox-search",
      "version": "5.8.0",
      "systems": {
        "aarch64-darwin": {
          "outputs": [
            {
              "name": "out",
              "path": "/nix/store/4g1cnli6c4kshzfqi4pkq7845a3p1777-podman-5.8.0",
              "default": true
            },
            {
              "name": "man",
              "path": "/nix/store/0rj799bx0wf48p593rmhc9dv87mz1l5y-podman-5.8.0-man",
              "default": true
            }
          ],
          "store_path": "/nix/store/4g1cnli6c4kshzfqi4pkq7845a3p1777-podman-5.8.0"
        },
        "aarch64-linux": {
          "outputs": [
            {
              "name": "out",
              "path": "/nix/store/6h8k7fgzfildxl3z5x3p474wbxy11y9h-podman-5.8.0",
              "default": true
            },
            {
              "name": "man",
              "path": "/nix/store/fag3kvppkfl8brz4bip674yaabwp919q-podman-5.8.0-man",
              "default": true
            }
          ],
          "store_path": "/nix/store/6h8k7fgzfildxl3z5x3p474wbxy11y9h-podman-5.8.0"
        },
        "x86_64-darwin": {
          "outputs": [
            {
              "name": "out",
              "path": "/nix/store/v438kjadqnj4d4zipkbbql1mn2633qsd-podman-5.8.0",
              "default": true
            },
            {
              "name": "man",
              "path": "/nix/store/2707gmnfxh28i1hhhrgg56wap7s1rbcp-podman-5.8.0-man",
              "default": true
            }
          ],
          "store_path": "/nix/store/v438kjadqnj4d4zipkbbql1mn2633qsd-podman-5.8.0"
        },
        "x86_64-linux": {
          "outputs": [
            {
              "name": "out",
              "path": "/nix/store/8ldq2yly3d1drql63cl9i8p8vs990nh2-podman-5.8.0",
              "default": true
            },
            {
              "name": "man",
              "path": "/nix/store/qg2bdav0canxw7kkfz3063xb9fbqmba8-podman-5.8.0-man",
              "default": true
            }
          ],
          "store_path": "/nix/store/8ldq2yly3d1drql63cl9i8p8vs990nh2-podman-5.8.0"
        }
      }
    },
    "pre-commit@4.5.1": {
      "last_modified": "2026-02-23T15:40:43Z",
      "resolved": "github:NixOS/nixpkgs/80d901ec0377e19ac3f7bb8c035201e2e098cc97#pre-commit",
      "source": "devbox-search",
      "version": "4.5.1",
      "systems": {
        "aarch64-darwin": {
          "outputs": [
            {
              "name": "out",
              "path": "/nix/store/l55n4b26170g382dxchwchs5bb2mm816-pre-commit-4.5.1",
              "default": true
            },
            {
              "name": "dist",
              "path": "/nix/store/vx8bcz0p4c4nr57i0kszdnfk3vrxhc4n-pre-commit-4.5.1-dist"
            }
          ],
          "store_path": "/nix/store/l55n4b26170g382dxchwchs5bb2mm816-pre-commit-4.5.1"
        },
        "aarch64-linux": {
          "outputs": [
            {
              "name": "out",
              "path": "/nix/store/vry6jkxxy96b4vv8sr2yw2p2llangkd5-pre-commit-4.5.1",
              "default": true
            },
            {
              "name": "dist",
              "path": "/nix/store/l94g308gxsvwzil56ssvg0nb55gkjxfj-pre-commit-4.5.1-dist"
            }
          ],
          "store_path": "/nix/store/vry6jkxxy96b4vv8sr2yw2p2llangkd5-pre-commit-4.5.1"
        },
        "x86_64-darwin": {
          "outputs": [
            {
              "name": "out",
              "path": "/nix/store/h3g711srm8fn3c12xs638bhrgs7vqml4-pre-commit-4.5.1",
              "default": true
            },
            {
              "name": "dist",
              "path": "/nix/store/grbm0lk0i1fqliqj6lhgvymnr2kggvaj-pre-commit-4.5.1-dist"
            }
          ],
          "store_path": "/nix/store/h3g711srm8fn3c12xs638bhrgs7vqml4-pre-commit-4.5.1"
        },
        "x86_64-linux": {
          "outputs": [
            {
              "name": "out",
              "path": "/nix/store/j3m430mdag04c150qlr72zbvhmpkb1cz-pre-commit-4.5.1",
              "default": true
            },
            {
              "name": "dist",
              "path": "/nix/store/l3z236pck7hx6lz5x4s46xa0vkmjmvsh-pre-commit-4.5.1-dist"
            }
          ],
          "store_path": "/nix/store/j3m430mdag04c150qlr72zbvhmpkb1cz-pre-commit-4.5.1"
        }
      }
    },
    "python313Packages.ansible@13.1.0": {
      "last_modified": "2026-02-13T23:34:13Z",
      "resolved": "github:NixOS/nixpkgs/7d2ae6d8b8b697b5114a4249d0d958ee5f23d8fe#python313Packages.ansible",
      "source": "devbox-search",
      "version": "13.1.0",
      "systems": {
        "aarch64-darwin": {
          "outputs": [
            {
              "name": "out",
              "path": "/nix/store/gcipl2karnba5g73mkcm6nvs1qgaa4ij-python3.13-ansible-13.1.0",
              "default": true
            },
            {
              "name": "dist",
              "path": "/nix/store/f8rj7rfd3jgarcnjaj3xl2v69yh46x4q-python3.13-ansible-13.1.0-dist"
            }
          ],
          "store_path": "/nix/store/gcipl2karnba5g73mkcm6nvs1qgaa4ij-python3.13-ansible-13.1.0"
        },
        "aarch64-linux": {
          "outputs": [
            {
              "name": "out",
              "path": "/nix/store/b7swd8hzb2vn023pxv0k13gmqnnz7w7r-python3.13-ansible-13.1.0",
              "default": true
            },
            {
              "name": "dist",
              "path": "/nix/store/2jgv867wqlzbs2vzrxk76z208bbph2fs-python3.13-ansible-13.1.0-dist"
            }
          ],
          "store_path": "/nix/store/b7swd8hzb2vn023pxv0k13gmqnnz7w7r-python3.13-ansible-13.1.0"
        },
        "x86_64-darwin": {
          "outputs": [
            {
              "name": "out",
              "path": "/nix/store/97bj9l56byxkkpz00d2c7g4cg99fbpj7-python3.13-ansible-13.1.0",
              "default": true
            },
            {
              "name": "dist",
              "path": "/nix/store/8qanhwnz4drhm31m043gvr3faiaz6p04-python3.13-ansible-13.1.0-dist"
            }
          ],
          "store_path": "/nix/store/97bj9l56byxkkpz00d2c7g4cg99fbpj7-python3.13-ansible-13.1.0"
        },
        "x86_64-linux": {
          "outputs": [
            {
              "name": "out",
              "path": "/nix/store/sbaqv1sfbg44qnhxw2c115ai8a7zk8qs-python3.13-ansible-13.1.0",
              "default": true
            },
            {
              "name": "dist",
              "path": "/nix/store/cvx5r41xdr91745v5x804j9vjci5s5sn-python3.13-ansible-13.1.0-dist"
            }
          ],
          "store_path": "/nix/store/sbaqv1sfbg44qnhxw2c115ai8a7zk8qs-python3.13-ansible-13.1.0"
        }
      }
    },
    "python313Packages.molecule-plugins@23.5.3": {
      "last_modified": "2026-02-23T15:40:43Z",
      "resolved": "github:NixOS/nixpkgs/80d901ec0377e19ac3f7bb8c035201e2e098cc97#python313Packages.molecule-plugins",
      "source": "devbox-search",
      "version": "23.5.3",
      "systems": {
        "aarch64-darwin": {
          "outputs": [
            {
              "name": "out",
              "path": "/nix/store/dq4cclzllh0wkck24lajczf5r3s6xs0z-python3.13-molecule-plugins-23.5.3",
              "default": true
            },
            {
              "name": "dist",
              "path": "/nix/store/7ab4a38b4diq5kkhy9gp4rc5qwxizlyc-python3.13-molecule-plugins-23.5.3-dist"
            }
          ],
          "store_path": "/nix/store/dq4cclzllh0wkck24lajczf5r3s6xs0z-python3.13-molecule-plugins-23.5.3"
        },
        "aarch64-linux": {
          "outputs": [
            {
              "name": "out",
              "path": "/nix/store/l94wj5mkj1yf542hbhsy2g9dz6h4vin8-python3.13-molecule-plugins-23.5.3",
              "default": true
            },
            {
              "name": "dist",
              "path": "/nix/store/9n0bha55bclw7wv8l0sp58vskikz3q6c-python3.13-molecule-plugins-23.5.3-dist"
            }
          ],
          "store_path": "/nix/store/l94wj5mkj1yf542hbhsy2g9dz6h4vin8-python3.13-molecule-plugins-23.5.3"
        },
        "x86_64-darwin": {
          "outputs": [
            {
              "name": "out",
              "path": "/nix/store/2mv1jbjqmr75kqb1dxb7lilvny9cbnnz-python3.13-molecule-plugins-23.5.3",
              "default": true
            },
            {
              "name": "dist",
              "path": "/nix/store/44az9ngb87kslf7vm34cyz9lsbyivr5r-python3.13-molecule-plugins-23.5.3-dist"
            }
          ],
          "store_path": "/nix/store/2mv1jbjqmr75kqb1dxb7lilvny9cbnnz-python3.13-molecule-plugins-23.5.3"
        },
        "x86_64-linux": {
          "outputs": [
            {
              "name": "out",
              "path": "/nix/store/0gmj20mq5g4w65zxal7byyzpfk5krh49-python3.13-molecule-plugins-23.5.3",
              "default": true
            },
            {
              "name": "dist",
              "path": "/nix/store/7qkh6iq9gkan4qw5y6dmck5ylk7q02nc-python3.13-molecule-plugins-23.5.3-dist"
            }
          ],
          "store_path": "/nix/store/0gmj20mq5g4w65zxal7byyzpfk5krh49-python3.13-molecule-plugins-23.5.3"
        }
      }
    },
    "python313Packages.molecule@25.12.0": {
      "last_modified": "2026-02-23T15:40:43Z",
      "resolved": "github:NixOS/nixpkgs/80d901ec0377e19ac3f7bb8c035201e2e098cc97#python313Packages.molecule",
      "source": "devbox-search",
      "version": "25.12.0",
      "systems": {
        "aarch64-darwin": {
          "outputs": [
            {
              "name": "out",
              "path": "/nix/store/8xb5njaqs4a0s86alyfmf0qzq1r946r2-python3.13-molecule-25.12.0",
              "default": true
            },
            {
              "name": "dist",
              "path": "/nix/store/0m6zavd85d19561jgidvpqkshfki7s8b-python3.13-molecule-25.12.0-dist"
            }
          ],
          "store_path": "/nix/store/8xb5njaqs4a0s86alyfmf0qzq1r946r2-python3.13-molecule-25.12.0"
        },
        "aarch64-linux": {
          "outputs": [
            {
              "name": "out",
              "path": "/nix/store/g0bs8nrvs9cy74igm5mi1jrpglaaji1p-python3.13-molecule-25.12.0",
              "default": true
            },
            {
              "name": "dist",
              "path": "/nix/store/fj36k7rl185mhah0dq92a3z77bds4rvl-python3.13-molecule-25.12.0-dist"
            }
          ],
          "store_path": "/nix/store/g0bs8nrvs9cy74igm5mi1jrpglaaji1p-python3.13-molecule-25.12.0"
        },
        "x86_64-darwin": {
          "outputs": [
            {
              "name": "out",
              "path": "/nix/store/l51cx87myvsdd772p8ckx68xd2r6rvmj-python3.13-molecule-25.12.0",
              "default": true
            },
            {
              "name": "dist",
              "path": "/nix/store/0gi14khzk2ljs5a4kg5n4xvf68ksz64z-python3.13-molecule-25.12.0-dist"
            }
          ],
          "store_path": "/nix/store/l51cx87myvsdd772p8ckx68xd2r6rvmj-python3.13-molecule-25.12.0"
        },
        "x86_64-linux": {
          "outputs": [
            {
              "name": "out",
              "path": "/nix/store/3bj0fxjkfil7d90yfqs4wxhs586z520i-python3.13-molecule-25.12.0",
              "default": true
            },
            {
              "name": "dist",
              "path": "/nix/store/79v1a6q4qcg9idh6ws91h1rdwisrz9r4-python3.13-molecule-25.12.0-dist"
            }
          ],
          "store_path": "/nix/store/3bj0fxjkfil7d90yfqs4wxhs586z520i-python3.13-molecule-25.12.0"
        }
      }
    },
    "yamllint@1.37.1": {
      "last_modified": "2026-02-23T15:40:43Z",
      "resolved": "github:NixOS/nixpkgs/80d901ec0377e19ac3f7bb8c035201e2e098cc97#yamllint",
      "source": "devbox-search",
      "version": "1.37.1",
      "systems": {
        "aarch64-darwin": {
          "outputs": [
            {
              "name": "out",
              "path": "/nix/store/3q7v9msz48z2vi736rymcjc1gi8c49iq-python3.13-yamllint-1.37.1",
              "default": true
            },
            {
              "name": "dist",
              "path": "/nix/store/55z9bkc64vm4b60rfn7y79ghklqkjsa5-python3.13-yamllint-1.37.1-dist"
            }
          ],
          "store_path": "/nix/store/3q7v9msz48z2vi736rymcjc1gi8c49iq-python3.13-yamllint-1.37.1"
        },
        "aarch64-linux": {
          "outputs": [
            {
              "name": "out",
              "path": "/nix/store/ianlcqlfq1zgswzrjyki2hnmc6n2k1hk-python3.13-yamllint-1.37.1",
              "default": true
            },
            {
              "name": "dist",
              "path": "/nix/store/fgs9isa3cyy2bg99vw92lyi3hmll7wnb-python3.13-yamllint-1.37.1-dist"
            }
          ],
          "store_path": "/nix/store/ianlcqlfq1zgswzrjyki2hnmc6n2k1hk-python3.13-yamllint-1.37.1"
        },
        "x86_64-darwin": {
          "outputs": [
            {
              "name": "out",
              "path": "/nix/store/28i8a0xn0bwagyx1ql95f518qf6qy68d-python3.13-yamllint-1.37.1",
              "default": true
            },
            {
              "name": "dist",
              "path": "/nix/store/9jmffbksg7dm2ja3gywcap9plspk4mpx-python3.13-yamllint-1.37.1-dist"
            }
          ],
          "store_path": "/nix/store/28i8a0xn0bwagyx1ql95f518qf6qy68d-python3.13-yamllint-1.37.1"
        },
        "x86_64-linux": {
          "outputs": [
            {
              "name": "out",
              "path": "/nix/store/a6k0l2naclakdmypd5frw9bgzyawnlmi-python3.13-yamllint-1.37.1",
              "default": true
            },
            {
              "name": "dist",
              "path": "/nix/store/jk6is2i4c3qs0fp99qw6s5z8v3av20z2-python3.13-yamllint-1.37.1-dist"
            }
          ],
          "store_path": "/nix/store/a6k0l2naclakdmypd5frw9bgzyawnlmi-python3.13-yamllint-1.37.1"
        }
      }
    }
  }
}
