{
  "lockfile_version": "1",
  "packages": {
    "ansible-doctor@8.3.3": {
      "last_modified": "2026-07-23T05:10:05Z",
      "resolved": "github:NixOS/nixpkgs/7525d999cd850b9a488817abc89c75dc733acf17#ansible-doctor",
      "source": "devbox-search",
      "version": "8.3.3",
      "systems": {
        "aarch64-darwin": {
          "outputs": [
            {
              "name": "out",
              "path": "/nix/store/2mi8g2fid551a72raks0bqnhr6c1sdsd-ansible-doctor-8.3.3",
              "default": true
            },
            {
              "name": "dist",
              "path": "/nix/store/dly2xqqbnwhswxf8w139ghhj76349lf2-ansible-doctor-8.3.3-dist"
            }
          ],
          "store_path": "/nix/store/2mi8g2fid551a72raks0bqnhr6c1sdsd-ansible-doctor-8.3.3"
        },
        "aarch64-linux": {
          "outputs": [
            {
              "name": "out",
              "path": "/nix/store/7s9l81r64x19dm2d9wk3pd0h75427vg3-ansible-doctor-8.3.3",
              "default": true
            },
            {
              "name": "dist",
              "path": "/nix/store/hhkl2s391ahmidf9sjf6gbkraasdbqhi-ansible-doctor-8.3.3-dist"
            }
          ],
          "store_path": "/nix/store/7s9l81r64x19dm2d9wk3pd0h75427vg3-ansible-doctor-8.3.3"
        },
        "x86_64-darwin": {
          "outputs": [
            {
              "name": "out",
              "path": "/nix/store/qf6nqnd6xfppg5plyac8y5r0i40gghri-ansible-doctor-8.3.3",
              "default": true
            },
            {
              "name": "dist",
              "path": "/nix/store/c5xais4f23178wpcl6gxqfs51fh7c6qf-ansible-doctor-8.3.3-dist"
            }
          ],
          "store_path": "/nix/store/qf6nqnd6xfppg5plyac8y5r0i40gghri-ansible-doctor-8.3.3"
        },
        "x86_64-linux": {
          "outputs": [
            {
              "name": "out",
              "path": "/nix/store/nx239vi4nlcx13lxrrclq63k6k38gncp-ansible-doctor-8.3.3",
              "default": true
            },
            {
              "name": "dist",
              "path": "/nix/store/bcq6qmv68qiraxwhqm0lzxrjr4x21v45-ansible-doctor-8.3.3-dist"
            }
          ],
          "store_path": "/nix/store/nx239vi4nlcx13lxrrclq63k6k38gncp-ansible-doctor-8.3.3"
        }
      }
    },
    "ansible-lint@25.8.2": {
      "last_modified": "2026-02-23T15:40:43Z",
      "resolved": "github:NixOS/nixpkgs/80d901ec0377e19ac3f7bb8c035201e2e098cc97#ansible-lint",
      "source": "devbox-search",
      "version": "25.8.2",
      "systems": {
        "aarch64-darwin": {
          "outputs": [
            {
              "name": "out",
              "path": "/nix/store/mjskl85krfzd41arccdkfl620l2lm78r-ansible-lint-25.8.2",
              "default": true
            },
            {
              "name": "dist",
              "path": "/nix/store/7f06jd2niywhjjgrkjw9wpgr6ax1j152-ansible-lint-25.8.2-dist"
            }
          ],
          "store_path": "/nix/store/mjskl85krfzd41arccdkfl620l2lm78r-ansible-lint-25.8.2"
        },
        "aarch64-linux": {
          "outputs": [
            {
              "name": "out",
              "path": "/nix/store/77lmjsfvvarm2y4sa8xyargxh44bc9f9-ansible-lint-25.8.2",
              "default": true
            },
            {
              "name": "dist",
              "path": "/nix/store/8p2lbjnwvrpyb0jai6g4wi6xkqjlcrw1-ansible-lint-25.8.2-dist"
            }
          ],
          "store_path": "/nix/store/77lmjsfvvarm2y4sa8xyargxh44bc9f9-ansible-lint-25.8.2"
        },
        "x86_64-darwin": {
          "outputs": [
            {
              "name": "out",
              "path": "/nix/store/ribng4j3cp5pgp33wl7ngdgabc4y2rf8-ansible-lint-25.8.2",
              "default": true
            },
            {
              "name": "dist",
              "path": "/nix/store/kgwzzz45lpfkq4z3jxbjs5b30yqz9p0j-ansible-lint-25.8.2-dist"
            }
          ],
          "store_path": "/nix/store/ribng4j3cp5pgp33wl7ngdgabc4y2rf8-ansible-lint-25.8.2"
        },
        "x86_64-linux": {
          "outputs": [
            {
              "name": "out",
              "path": "/nix/store/gjmmc1s7zip559afj2pycf67zc6mb6i5-ansible-lint-25.8.2",
              "default": true
            },
            {
              "name": "dist",
              "path": "/nix/store/rvyq0q7010y17bl47hfqgw8nl4ilfj1z-ansible-lint-25.8.2-dist"
            }
          ],
          "store_path": "/nix/store/gjmmc1s7zip559afj2pycf67zc6mb6i5-ansible-lint-25.8.2"
        }
      }
    },
    "git@2.54.0": {
      "last_modified": "2026-05-26T09:13:58Z",
      "resolved": "github:NixOS/nixpkgs/f44f7788c891fbe5542177df78374f8cdab10e8f#git",
      "source": "devbox-search",
      "version": "2.54.0",
      "systems": {
        "aarch64-darwin": {
          "outputs": [
            {
              "name": "out",
              "path": "/nix/store/a14yxcqvv9x2l9mllgpirzhvz93pgprg-git-2.54.0",
              "default": true
            },
            {
              "name": "doc",
              "path": "/nix/store/zn8gmbxxf5398hxg6y6nk5jimj85qj69-git-2.54.0-doc"
            }
          ],
          "store_path": "/nix/store/a14yxcqvv9x2l9mllgpirzhvz93pgprg-git-2.54.0"
        },
        "aarch64-linux": {
          "outputs": [
            {
              "name": "out",
              "path": "/nix/store/ixp98f9avf8ikpdrmp40cj33g0dazyp9-git-2.54.0",
              "default": true
            },
            {
              "name": "debug",
              "path": "/nix/store/c7mafmqf28l7898rpbqqkd0p3m42hc03-git-2.54.0-debug"
            },
            {
              "name": "doc",
              "path": "/nix/store/klwr4n2snj7ldlpkhwarwlif80myx0vj-git-2.54.0-doc"
            }
          ],
          "store_path": "/nix/store/ixp98f9avf8ikpdrmp40cj33g0dazyp9-git-2.54.0"
        },
        "x86_64-darwin": {
          "outputs": [
            {
              "name": "out",
              "path": "/nix/store/s9lsrlgwr3sabw9a2dl3laykas0ijk85-git-2.54.0",
              "default": true
            },
            {
              "name": "doc",
              "path": "/nix/store/agyxy5ay4x06b52mj24rz44fc82328ha-git-2.54.0-doc"
            }
          ],
          "store_path": "/nix/store/s9lsrlgwr3sabw9a2dl3laykas0ijk85-git-2.54.0"
        },
        "x86_64-linux": {
          "outputs": [
            {
              "name": "out",
              "path": "/nix/store/bcnisk3ydfgv26v2gw3zlky24g00yww2-git-2.54.0",
              "default": true
            },
            {
              "name": "debug",
              "path": "/nix/store/72fyakk8w8idjbksk0h8jbkq6sgvcm85-git-2.54.0-debug"
            },
            {
              "name": "doc",
              "path": "/nix/store/l444690y78nfdwyzm6mghagl7xa97myf-git-2.54.0-doc"
            }
          ],
          "store_path": "/nix/store/bcnisk3ydfgv26v2gw3zlky24g00yww2-git-2.54.0"
        }
      }
    },
    "github:NixOS/nixpkgs/nixpkgs-unstable": {
      "last_modified": "2026-02-27T06:27:13Z",
      "resolved": "github:NixOS/nixpkgs/c0f3d81a7ddbc2b1332be0d8481a672b4f6004d6?lastModified=1772173633&narHash=sha256-MOH58F4AIbCkh6qlQcwMycyk5SWvsqnS%2FTCfnqDlpj4%3D"
    },
    "glibcLocales@2.40-66": {
      "last_modified": "2025-12-31T03:27:36Z",
      "resolved": "github:NixOS/nixpkgs/f665af0cdb70ed27e1bd8f9fdfecaf451260fc55#glibcLocales",
      "source": "devbox-search",
      "version": "2.40-66",
      "systems": {
        "aarch64-linux": {
          "outputs": [
            {
              "name": "out",
              "path": "/nix/store/0mrra8k6h7dvs6dmq3f4ilsm0v33d01z-glibc-locales-2.40-66",
              "default": true
            }
          ],
          "store_path": "/nix/store/0mrra8k6h7dvs6dmq3f4ilsm0v33d01z-glibc-locales-2.40-66"
        },
        "x86_64-linux": {
          "outputs": [
            {
              "name": "out",
              "path": "/nix/store/wmwyf3bxrhg5ssd477dp99986wh4mzmm-glibc-locales-2.40-66",
              "default": true
            }
          ],
          "store_path": "/nix/store/wmwyf3bxrhg5ssd477dp99986wh4mzmm-glibc-locales-2.40-66"
        }
      }
    },
    "go-task@3.48.0": {
      "last_modified": "2026-02-23T15:40:43Z",
      "resolved": "github:NixOS/nixpkgs/80d901ec0377e19ac3f7bb8c035201e2e098cc97#go-task",
      "source": "devbox-search",
      "version": "3.48.0",
      "systems": {
        "aarch64-darwin": {
          "outputs": [
            {
              "name": "out",
              "path": "/nix/store/lwkw29yi53lijzfjqcp01jkaqa5493wi-go-task-3.48.0",
              "default": true
            }
          ],
          "store_path": "/nix/store/lwkw29yi53lijzfjqcp01jkaqa5493wi-go-task-3.48.0"
        },
        "aarch64-linux": {
          "outputs": [
            {
              "name": "out",
              "path": "/nix/store/f6g3n71njj281hawy8chz56c6dy6icb9-go-task-3.48.0",
              "default": true
            }
          ],
          "store_path": "/nix/store/f6g3n71njj281hawy8chz56c6dy6icb9-go-task-3.48.0"
        },
        "x86_64-darwin": {
          "outputs": [
            {
              "name": "out",
              "path": "/nix/store/8ncbi1skdp8x0h5abwxrawffknrascmq-go-task-3.48.0",
              "default": true
            }
          ],
          "store_path": "/nix/store/8ncbi1skdp8x0h5abwxrawffknrascmq-go-task-3.48.0"
        },
        "x86_64-linux": {
          "outputs": [
            {
              "name": "out",
              "path": "/nix/store/5divyc7qn687x3cyq5gnyh46vgx7g9by-go-task-3.48.0",
              "default": true
            }
          ],
          "store_path": "/nix/store/5divyc7qn687x3cyq5gnyh46vgx7g9by-go-task-3.48.0"
        }
      }
    },
    "podman@5.8.3": {
      "last_modified": "2026-06-22T09:00:13Z",
      "resolved": "github:NixOS/nixpkgs/b3c092d3c36d91e2f61f3dfb39a159f180a56659#podman",
      "source": "devbox-search",
      "version": "5.8.3",
      "systems": {
        "aarch64-darwin": {
          "outputs": [
            {
              "name": "out",
              "path": "/nix/store/1ngmvdcm7f33la2n4nwh89fh63rcwxv6-podman-5.8.3",
              "default": true
            },
            {
              "name": "man",
              "path": "/nix/store/1m8dbvk4g4l0nv8avjbp4d9zn8c6rhzf-podman-5.8.3-man",
              "default": true
            }
          ],
          "store_path": "/nix/store/1ngmvdcm7f33la2n4nwh89fh63rcwxv6-podman-5.8.3"
        },
        "aarch64-linux": {
          "outputs": [
            {
              "name": "out",
              "path": "/nix/store/99xqnwlz3v29n2dspjk37dkm851mnq89-podman-5.8.3",
              "default": true
            },
            {
              "name": "man",
              "path": "/nix/store/5lzvmk0iw8q39w7spcg2bwv4zz282060-podman-5.8.3-man",
              "default": true
            }
          ],
          "store_path": "/nix/store/99xqnwlz3v29n2dspjk37dkm851mnq89-podman-5.8.3"
        },
        "x86_64-darwin": {
          "outputs": [
            {
              "name": "out",
              "path": "/nix/store/ypd1a7gwpf5b6qqfpf7mf950vpfvc0yh-podman-5.8.3",
              "default": true
            },
            {
              "name": "man",
              "path": "/nix/store/jf22ygb38hspmn0fmh0kr8vz2xq75qv1-podman-5.8.3-man",
              "default": true
            }
          ],
          "store_path": "/nix/store/ypd1a7gwpf5b6qqfpf7mf950vpfvc0yh-podman-5.8.3"
        },
        "x86_64-linux": {
          "outputs": [
            {
              "name": "out",
              "path": "/nix/store/7wi00f87hn3fdiibzs9azbiix1ji80q5-podman-5.8.3",
              "default": true
            },
            {
              "name": "man",
              "path": "/nix/store/0mj5wl269gzn9qxmshrw01iwlj87571c-podman-5.8.3-man",
              "default": true
            }
          ],
          "store_path": "/nix/store/7wi00f87hn3fdiibzs9azbiix1ji80q5-podman-5.8.3"
        }
      }
    },
    "pre-commit@4.5.1": {
      "last_modified": "2026-02-23T15:40:43Z",
      "resolved": "github:NixOS/nixpkgs/80d901ec0377e19ac3f7bb8c035201e2e098cc97#pre-commit",
      "source": "devbox-search",
      "version": "4.5.1",
      "systems": {
        "aarch64-darwin": {
          "outputs": [
            {
              "name": "out",
              "path": "/nix/store/l55n4b26170g382dxchwchs5bb2mm816-pre-commit-4.5.1",
              "default": true
            },
            {
              "name": "dist",
              "path": "/nix/store/vx8bcz0p4c4nr57i0kszdnfk3vrxhc4n-pre-commit-4.5.1-dist"
            }
          ],
          "store_path": "/nix/store/l55n4b26170g382dxchwchs5bb2mm816-pre-commit-4.5.1"
        },
        "aarch64-linux": {
          "outputs": [
            {
              "name": "out",
              "path": "/nix/store/vry6jkxxy96b4vv8sr2yw2p2llangkd5-pre-commit-4.5.1",
              "default": true
            },
            {
              "name": "dist",
              "path": "/nix/store/l94g308gxsvwzil56ssvg0nb55gkjxfj-pre-commit-4.5.1-dist"
            }
          ],
          "store_path": "/nix/store/vry6jkxxy96b4vv8sr2yw2p2llangkd5-pre-commit-4.5.1"
        },
        "x86_64-darwin": {
          "outputs": [
            {
              "name": "out",
              "path": "/nix/store/h3g711srm8fn3c12xs638bhrgs7vqml4-pre-commit-4.5.1",
              "default": true
            },
            {
              "name": "dist",
              "path": "/nix/store/grbm0lk0i1fqliqj6lhgvymnr2kggvaj-pre-commit-4.5.1-dist"
            }
          ],
          "store_path": "/nix/store/h3g711srm8fn3c12xs638bhrgs7vqml4-pre-commit-4.5.1"
        },
        "x86_64-linux": {
          "outputs": [
            {
              "name": "out",
              "path": "/nix/store/j3m430mdag04c150qlr72zbvhmpkb1cz-pre-commit-4.5.1",
              "default": true
            },
            {
              "name": "dist",
              "path": "/nix/store/l3z236pck7hx6lz5x4s46xa0vkmjmvsh-pre-commit-4.5.1-dist"
            }
          ],
          "store_path": "/nix/store/j3m430mdag04c150qlr72zbvhmpkb1cz-pre-commit-4.5.1"
        }
      }
    },
    "python313Packages.ansible@14.0.0": {
      "last_modified": "2026-06-27T07:37:20Z",
      "resolved": "github:NixOS/nixpkgs/3d46470bb3030020f7e1361f33514854f5bfa86d#python313Packages.ansible",
      "source": "devbox-search",
      "version": "14.0.0",
      "systems": {
        "aarch64-darwin": {
          "outputs": [
            {
              "name": "out",
              "path": "/nix/store/wvvq87fk7mbri3qxqyc9b2mwrz6qirjb-python3.13-ansible-14.0.0",
              "default": true
            },
            {
              "name": "dist",
              "path": "/nix/store/1kjipjckb4w89hhk3mw9v7zdlyv48ggn-python3.13-ansible-14.0.0-dist"
            }
          ],
          "store_path": "/nix/store/wvvq87fk7mbri3qxqyc9b2mwrz6qirjb-python3.13-ansible-14.0.0"
        },
        "aarch64-linux": {
          "outputs": [
            {
              "name": "out",
              "path": "/nix/store/lvxzz0k6n1nh586gayzmb9fr0wpc50f6-python3.13-ansible-14.0.0",
              "default": true
            },
            {
              "name": "dist",
              "path": "/nix/store/xrxnzzhhq1vghcg8mfbynycmzfflzz0g-python3.13-ansible-14.0.0-dist"
            }
          ],
          "store_path": "/nix/store/lvxzz0k6n1nh586gayzmb9fr0wpc50f6-python3.13-ansible-14.0.0"
        },
        "x86_64-darwin": {
          "outputs": [
            {
              "name": "out",
              "path": "/nix/store/1d29l0vkd2syxmkh1nhg31x8fgli6z3m-python3.13-ansible-14.0.0",
              "default": true
            },
            {
              "name": "dist",
              "path": "/nix/store/c2p88m3gqzz033ybphc5smqz13v8lgwq-python3.13-ansible-14.0.0-dist"
            }
          ],
          "store_path": "/nix/store/1d29l0vkd2syxmkh1nhg31x8fgli6z3m-python3.13-ansible-14.0.0"
        },
        "x86_64-linux": {
          "outputs": [
            {
              "name": "out",
              "path": "/nix/store/y8nk09rahmm6m0ns3akh59pd5cm74jy3-python3.13-ansible-14.0.0",
              "default": true
            },
            {
              "name": "dist",
              "path": "/nix/store/d3az553nc2x6smv2mfd6saswm8a54b75-python3.13-ansible-14.0.0-dist"
            }
          ],
          "store_path": "/nix/store/y8nk09rahmm6m0ns3akh59pd5cm74jy3-python3.13-ansible-14.0.0"
        }
      }
    },
    "python313Packages.molecule-plugins@25.8.12": {
      "last_modified": "2026-06-11T01:27:03Z",
      "resolved": "github:NixOS/nixpkgs/b503dde361500433ca25a32e8f4d218bf58fb659#python313Packages.molecule-plugins",
      "source": "devbox-search",
      "version": "25.8.12",
      "systems": {
        "aarch64-darwin": {
          "outputs": [
            {
              "name": "out",
              "path": "/nix/store/rqifd28w8xhj0akdqv5qz4c4p3frpdmn-python3.13-molecule-plugins-25.8.12",
              "default": true
            },
            {
              "name": "dist",
              "path": "/nix/store/nx5kgqz99w038wvhc66mzx6x43643llb-python3.13-molecule-plugins-25.8.12-dist"
            }
          ],
          "store_path": "/nix/store/rqifd28w8xhj0akdqv5qz4c4p3frpdmn-python3.13-molecule-plugins-25.8.12"
        },
        "aarch64-linux": {
          "outputs": [
            {
              "name": "out",
              "path": "/nix/store/lqvk91nmc8glg1znpmm4924yqhmydrjf-python3.13-molecule-plugins-25.8.12",
              "default": true
            },
            {
              "name": "dist",
              "path": "/nix/store/1lg3v7ygqwf0r1pv8yj1p5di93bd652c-python3.13-molecule-plugins-25.8.12-dist"
            }
          ],
          "store_path": "/nix/store/lqvk91nmc8glg1znpmm4924yqhmydrjf-python3.13-molecule-plugins-25.8.12"
        },
        "x86_64-darwin": {
          "outputs": [
            {
              "name": "out",
              "path": "/nix/store/i4gbs09hby22dysib03bn25a9j5ivhdx-python3.13-molecule-plugins-25.8.12",
              "default": true
            },
            {
              "name": "dist",
              "path": "/nix/store/4zs6a0nqs00kxjk9wg0krkzrkrqcfm28-python3.13-molecule-plugins-25.8.12-dist"
            }
          ],
          "store_path": "/nix/store/i4gbs09hby22dysib03bn25a9j5ivhdx-python3.13-molecule-plugins-25.8.12"
        },
        "x86_64-linux": {
          "outputs": [
            {
              "name": "out",
              "path": "/nix/store/frv5vplnkpq1lq62ap4js0shw1a7wbrn-python3.13-molecule-plugins-25.8.12",
              "default": true
            },
            {
              "name": "dist",
              "path": "/nix/store/gadjdj1cc03lia6rj3fq98m7bwq39z2i-python3.13-molecule-plugins-25.8.12-dist"
            }
          ],
          "store_path": "/nix/store/frv5vplnkpq1lq62ap4js0shw1a7wbrn-python3.13-molecule-plugins-25.8.12"
        }
      }
    },
    "python313Packages.molecule@26.6.0": {
      "last_modified": "2026-07-03T16:41:56Z",
      "resolved": "github:NixOS/nixpkgs/0c190cd98e1f30cdbeff0ca149b2b17564a4a30e#python313Packages.molecule",
      "source": "devbox-search",
      "version": "26.6.0",
      "systems": {
        "aarch64-darwin": {
          "outputs": [
            {
              "name": "out",
              "path": "/nix/store/hcffwhxi7ar3smj7pd84bag5sia3dg1f-python3.13-molecule-26.6.0",
              "default": true
            },
            {
              "name": "dist",
              "path": "/nix/store/pk37mldxc8gfmg9gwynalbbz49xz43nd-python3.13-molecule-26.6.0-dist"
            }
          ],
          "store_path": "/nix/store/hcffwhxi7ar3smj7pd84bag5sia3dg1f-python3.13-molecule-26.6.0"
        },
        "aarch64-linux": {
          "outputs": [
            {
              "name": "out",
              "path": "/nix/store/0wfj1h8sh7sfb90mqyhnac575j2vkalg-python3.13-molecule-26.6.0",
              "default": true
            },
            {
              "name": "dist",
              "path": "/nix/store/yb6kc12hgjzn39fpkbcaz17chdp610hg-python3.13-molecule-26.6.0-dist"
            }
          ],
          "store_path": "/nix/store/0wfj1h8sh7sfb90mqyhnac575j2vkalg-python3.13-molecule-26.6.0"
        },
        "x86_64-darwin": {
          "outputs": [
            {
              "name": "out",
              "path": "/nix/store/3k7v1bwv4hsanfv7q5fhhwrk0jvq4fmm-python3.13-molecule-26.6.0",
              "default": true
            },
            {
              "name": "dist",
              "path": "/nix/store/gjf592qaqh8i53gwz3x6h868lzxa5xkh-python3.13-molecule-26.6.0-dist"
            }
          ],
          "store_path": "/nix/store/3k7v1bwv4hsanfv7q5fhhwrk0jvq4fmm-python3.13-molecule-26.6.0"
        },
        "x86_64-linux": {
          "outputs": [
            {
              "name": "out",
              "path": "/nix/store/0nkq8ijy6xff53snr42562724hd1v2i8-python3.13-molecule-26.6.0",
              "default": true
            },
            {
              "name": "dist",
              "path": "/nix/store/fy558xd451dsnqhzdx268c06rbncvfpg-python3.13-molecule-26.6.0-dist"
            }
          ],
          "store_path": "/nix/store/0nkq8ijy6xff53snr42562724hd1v2i8-python3.13-molecule-26.6.0"
        }
      }
    },
    "yamllint@1.37.1": {
      "last_modified": "2026-02-23T15:40:43Z",
      "resolved": "github:NixOS/nixpkgs/80d901ec0377e19ac3f7bb8c035201e2e098cc97#yamllint",
      "source": "devbox-search",
      "version": "1.37.1",
      "systems": {
        "aarch64-darwin": {
          "outputs": [
            {
              "name": "out",
              "path": "/nix/store/3q7v9msz48z2vi736rymcjc1gi8c49iq-python3.13-yamllint-1.37.1",
              "default": true
            },
            {
              "name": "dist",
              "path": "/nix/store/55z9bkc64vm4b60rfn7y79ghklqkjsa5-python3.13-yamllint-1.37.1-dist"
            }
          ],
          "store_path": "/nix/store/3q7v9msz48z2vi736rymcjc1gi8c49iq-python3.13-yamllint-1.37.1"
        },
        "aarch64-linux": {
          "outputs": [
            {
              "name": "out",
              "path": "/nix/store/ianlcqlfq1zgswzrjyki2hnmc6n2k1hk-python3.13-yamllint-1.37.1",
              "default": true
            },
            {
              "name": "dist",
              "path": "/nix/store/fgs9isa3cyy2bg99vw92lyi3hmll7wnb-python3.13-yamllint-1.37.1-dist"
            }
          ],
          "store_path": "/nix/store/ianlcqlfq1zgswzrjyki2hnmc6n2k1hk-python3.13-yamllint-1.37.1"
        },
        "x86_64-darwin": {
          "outputs": [
            {
              "name": "out",
              "path": "/nix/store/28i8a0xn0bwagyx1ql95f518qf6qy68d-python3.13-yamllint-1.37.1",
              "default": true
            },
            {
              "name": "dist",
              "path": "/nix/store/9jmffbksg7dm2ja3gywcap9plspk4mpx-python3.13-yamllint-1.37.1-dist"
            }
          ],
          "store_path": "/nix/store/28i8a0xn0bwagyx1ql95f518qf6qy68d-python3.13-yamllint-1.37.1"
        },
        "x86_64-linux": {
          "outputs": [
            {
              "name": "out",
              "path": "/nix/store/a6k0l2naclakdmypd5frw9bgzyawnlmi-python3.13-yamllint-1.37.1",
              "default": true
            },
            {
              "name": "dist",
              "path": "/nix/store/jk6is2i4c3qs0fp99qw6s5z8v3av20z2-python3.13-yamllint-1.37.1-dist"
            }
          ],
          "store_path": "/nix/store/a6k0l2naclakdmypd5frw9bgzyawnlmi-python3.13-yamllint-1.37.1"
        }
      }
    }
  }
}
