{
  "lockfile_version": "1",
  "packages": {
    "ansible-doctor@7.2.1": {
      "last_modified": "2025-10-07T08:41:47Z",
      "resolved": "github:NixOS/nixpkgs/bce5fe2bb998488d8e7e7856315f90496723793c#ansible-doctor",
      "source": "devbox-search",
      "version": "7.2.1",
      "systems": {
        "aarch64-darwin": {
          "outputs": [
            {
              "name": "out",
              "path": "/nix/store/8nm2fid4zy358zkmp7hk4ah3wcqvrbk7-ansible-doctor-7.2.1",
              "default": true
            },
            {
              "name": "dist",
              "path": "/nix/store/l8a0rjqz0nzpnwiz11h7bj0l70n5fglz-ansible-doctor-7.2.1-dist"
            }
          ],
          "store_path": "/nix/store/8nm2fid4zy358zkmp7hk4ah3wcqvrbk7-ansible-doctor-7.2.1"
        },
        "aarch64-linux": {
          "outputs": [
            {
              "name": "out",
              "path": "/nix/store/7v8ny5d7p120f0wiafxv1nyw0js1k6rq-ansible-doctor-7.2.1",
              "default": true
            },
            {
              "name": "dist",
              "path": "/nix/store/86jyxcxyf2nc2qh8igz9xhixy7rkli3b-ansible-doctor-7.2.1-dist"
            }
          ],
          "store_path": "/nix/store/7v8ny5d7p120f0wiafxv1nyw0js1k6rq-ansible-doctor-7.2.1"
        },
        "x86_64-darwin": {
          "outputs": [
            {
              "name": "out",
              "path": "/nix/store/3sm1qfs9yj30hak3lsmvi77rsn5l3nr9-ansible-doctor-7.2.1",
              "default": true
            },
            {
              "name": "dist",
              "path": "/nix/store/8hv056djz3alfw2drs1gsz3ia354rl26-ansible-doctor-7.2.1-dist"
            }
          ],
          "store_path": "/nix/store/3sm1qfs9yj30hak3lsmvi77rsn5l3nr9-ansible-doctor-7.2.1"
        },
        "x86_64-linux": {
          "outputs": [
            {
              "name": "out",
              "path": "/nix/store/9nwkw66cdzw017l07hr6rmw75wl2h9c2-ansible-doctor-7.2.1",
              "default": true
            },
            {
              "name": "dist",
              "path": "/nix/store/s3w2hxqvij0y20nypchjn6wc621s1p7c-ansible-doctor-7.2.1-dist"
            }
          ],
          "store_path": "/nix/store/9nwkw66cdzw017l07hr6rmw75wl2h9c2-ansible-doctor-7.2.1"
        }
      }
    },
    "ansible-lint@25.8.2": {
      "last_modified": "2025-10-13T09:56:54Z",
      "resolved": "github:NixOS/nixpkgs/c12c63cd6c5eb34c7b4c3076c6a99e00fcab86ec#ansible-lint",
      "source": "devbox-search",
      "version": "25.8.2",
      "systems": {
        "aarch64-darwin": {
          "outputs": [
            {
              "name": "out",
              "path": "/nix/store/d8580fd3cffw4s2nxnplqxshbf3cyi8s-ansible-lint-25.8.2",
              "default": true
            },
            {
              "name": "dist",
              "path": "/nix/store/p18f47w4alrkcajhaw94cwll0xrrn93n-ansible-lint-25.8.2-dist"
            }
          ],
          "store_path": "/nix/store/d8580fd3cffw4s2nxnplqxshbf3cyi8s-ansible-lint-25.8.2"
        },
        "aarch64-linux": {
          "outputs": [
            {
              "name": "out",
              "path": "/nix/store/c3703s1y1zvbn23wc250970h9af1418z-ansible-lint-25.8.2",
              "default": true
            },
            {
              "name": "dist",
              "path": "/nix/store/pfyzr9s04wpnxgxnwn378p2kpkbcpx7c-ansible-lint-25.8.2-dist"
            }
          ],
          "store_path": "/nix/store/c3703s1y1zvbn23wc250970h9af1418z-ansible-lint-25.8.2"
        },
        "x86_64-darwin": {
          "outputs": [
            {
              "name": "out",
              "path": "/nix/store/6xpcw4hi8p3vg3gj9hfvpy85n1qs3ybj-ansible-lint-25.8.2",
              "default": true
            },
            {
              "name": "dist",
              "path": "/nix/store/knjg2ibdqa9iqcjx912sbfrlnlk55d8y-ansible-lint-25.8.2-dist"
            }
          ],
          "store_path": "/nix/store/6xpcw4hi8p3vg3gj9hfvpy85n1qs3ybj-ansible-lint-25.8.2"
        },
        "x86_64-linux": {
          "outputs": [
            {
              "name": "out",
              "path": "/nix/store/q99knig71sz074sn7q3ip02lg60kr4i5-ansible-lint-25.8.2",
              "default": true
            },
            {
              "name": "dist",
              "path": "/nix/store/i7i3p63brwqzcgxhp7sm676ald9c9m0p-ansible-lint-25.8.2-dist"
            }
          ],
          "store_path": "/nix/store/q99knig71sz074sn7q3ip02lg60kr4i5-ansible-lint-25.8.2"
        }
      }
    },
    "git@latest": {
      "last_modified": "2025-10-09T02:37:25Z",
      "resolved": "github:NixOS/nixpkgs/2dad7af78a183b6c486702c18af8a9544f298377#git",
      "source": "devbox-search",
      "version": "2.51.0",
      "systems": {
        "aarch64-darwin": {
          "outputs": [
            {
              "name": "out",
              "path": "/nix/store/pm302wxb0pkwi006sz9dviw30mkz5y00-git-2.51.0",
              "default": true
            },
            {
              "name": "doc",
              "path": "/nix/store/wmbsv0kbk7qcbq3d7j9ks0cq05729sgc-git-2.51.0-doc"
            }
          ],
          "store_path": "/nix/store/pm302wxb0pkwi006sz9dviw30mkz5y00-git-2.51.0"
        },
        "aarch64-linux": {
          "outputs": [
            {
              "name": "out",
              "path": "/nix/store/r69a5mdcc3kwnnc6xlq391aybikda4kn-git-2.51.0",
              "default": true
            },
            {
              "name": "debug",
              "path": "/nix/store/23rv1yi353k64ihdkby7nvb4q5zf4nr6-git-2.51.0-debug"
            },
            {
              "name": "doc",
              "path": "/nix/store/prqym8j8s50gbq85y1f0wfiaylrfqjf9-git-2.51.0-doc"
            }
          ],
          "store_path": "/nix/store/r69a5mdcc3kwnnc6xlq391aybikda4kn-git-2.51.0"
        },
        "x86_64-darwin": {
          "outputs": [
            {
              "name": "out",
              "path": "/nix/store/jllay36l7wbc5y76429n1n5sfdmy0frp-git-2.51.0",
              "default": true
            },
            {
              "name": "doc",
              "path": "/nix/store/gmjk0q6m10ld75d8z4hyfhc0izr5jkg0-git-2.51.0-doc"
            }
          ],
          "store_path": "/nix/store/jllay36l7wbc5y76429n1n5sfdmy0frp-git-2.51.0"
        },
        "x86_64-linux": {
          "outputs": [
            {
              "name": "out",
              "path": "/nix/store/0vbjxlqj8zp0pdjl2szvg17a98vqwyqj-git-2.51.0",
              "default": true
            },
            {
              "name": "debug",
              "path": "/nix/store/43p28p01lbl4l1xj4hicpckkdyfdvkr3-git-2.51.0-debug"
            },
            {
              "name": "doc",
              "path": "/nix/store/bjl8dr5jw9cqiy5l62k927nd04qpbgsc-git-2.51.0-doc"
            }
          ],
          "store_path": "/nix/store/0vbjxlqj8zp0pdjl2szvg17a98vqwyqj-git-2.51.0"
        }
      }
    },
    "github:NixOS/nixpkgs/nixpkgs-unstable": {
      "last_modified": "2025-10-16T06:36:44Z",
      "resolved": "github:NixOS/nixpkgs/3cbe716e2346710d6e1f7c559363d14e11c32a43?lastModified=1760596604&narHash=sha256-J%2Fi5K6AAz%2Fy5dBePHQOuzC7MbhyTOKsd%2FGLezSbEFiM%3D"
    },
    "glibcLocales@2.40-66": {
      "last_modified": "2025-10-07T08:41:47Z",
      "resolved": "github:NixOS/nixpkgs/bce5fe2bb998488d8e7e7856315f90496723793c#glibcLocales",
      "source": "devbox-search",
      "version": "2.40-66",
      "systems": {
        "aarch64-linux": {
          "outputs": [
            {
              "name": "out",
              "path": "/nix/store/m5rgm9gbncx9nmqalyidnsz85dh5x7dd-glibc-locales-2.40-66",
              "default": true
            }
          ],
          "store_path": "/nix/store/m5rgm9gbncx9nmqalyidnsz85dh5x7dd-glibc-locales-2.40-66"
        },
        "x86_64-linux": {
          "outputs": [
            {
              "name": "out",
              "path": "/nix/store/qr1k8avryysx5m9ggbcds123d7y6f6as-glibc-locales-2.40-66",
              "default": true
            }
          ],
          "store_path": "/nix/store/qr1k8avryysx5m9ggbcds123d7y6f6as-glibc-locales-2.40-66"
        }
      }
    },
    "go-task@3.45.4": {
      "last_modified": "2025-10-07T08:41:47Z",
      "resolved": "github:NixOS/nixpkgs/bce5fe2bb998488d8e7e7856315f90496723793c#go-task",
      "source": "devbox-search",
      "version": "3.45.4",
      "systems": {
        "aarch64-darwin": {
          "outputs": [
            {
              "name": "out",
              "path": "/nix/store/jpyzi7ph07mxn64vr684rn4sn81rmdbv-go-task-3.45.4",
              "default": true
            }
          ],
          "store_path": "/nix/store/jpyzi7ph07mxn64vr684rn4sn81rmdbv-go-task-3.45.4"
        },
        "aarch64-linux": {
          "outputs": [
            {
              "name": "out",
              "path": "/nix/store/bhkmm0w7wmgncwvn8gmbsn254n0r9app-go-task-3.45.4",
              "default": true
            }
          ],
          "store_path": "/nix/store/bhkmm0w7wmgncwvn8gmbsn254n0r9app-go-task-3.45.4"
        },
        "x86_64-darwin": {
          "outputs": [
            {
              "name": "out",
              "path": "/nix/store/pv4fd2995ys0dd4rvsqcn6cd2q2qi98s-go-task-3.45.4",
              "default": true
            }
          ],
          "store_path": "/nix/store/pv4fd2995ys0dd4rvsqcn6cd2q2qi98s-go-task-3.45.4"
        },
        "x86_64-linux": {
          "outputs": [
            {
              "name": "out",
              "path": "/nix/store/535z3a3p7hwdg4g3w4f4ssq44vnqsxqh-go-task-3.45.4",
              "default": true
            }
          ],
          "store_path": "/nix/store/535z3a3p7hwdg4g3w4f4ssq44vnqsxqh-go-task-3.45.4"
        }
      }
    },
    "podman@5.6.2": {
      "last_modified": "2025-10-10T13:35:32Z",
      "resolved": "github:NixOS/nixpkgs/870493f9a8cb0b074ae5b411b2f232015db19a65#podman",
      "source": "devbox-search",
      "version": "5.6.2",
      "systems": {
        "aarch64-darwin": {
          "outputs": [
            {
              "name": "out",
              "path": "/nix/store/rdf93kka94n46yh825dr87gs3w57bdx0-podman-5.6.2",
              "default": true
            },
            {
              "name": "man",
              "path": "/nix/store/9040hsxj5h9sch6zgmkl4v4lbgbv6vcw-podman-5.6.2-man",
              "default": true
            }
          ],
          "store_path": "/nix/store/rdf93kka94n46yh825dr87gs3w57bdx0-podman-5.6.2"
        },
        "aarch64-linux": {
          "outputs": [
            {
              "name": "out",
              "path": "/nix/store/hy3f0jyygqgv07h057psdw3vpfpywc9h-podman-5.6.2",
              "default": true
            },
            {
              "name": "man",
              "path": "/nix/store/2vy6xrjshbm9miik23z29wrvgx1qpk80-podman-5.6.2-man",
              "default": true
            }
          ],
          "store_path": "/nix/store/hy3f0jyygqgv07h057psdw3vpfpywc9h-podman-5.6.2"
        },
        "x86_64-darwin": {
          "outputs": [
            {
              "name": "out",
              "path": "/nix/store/y5kh40w1xkmq8dkm286gvap47f3811qv-podman-5.6.2",
              "default": true
            },
            {
              "name": "man",
              "path": "/nix/store/wq46n7ppw7pwvjza613w6z296i2k7kvx-podman-5.6.2-man",
              "default": true
            }
          ],
          "store_path": "/nix/store/y5kh40w1xkmq8dkm286gvap47f3811qv-podman-5.6.2"
        },
        "x86_64-linux": {
          "outputs": [
            {
              "name": "out",
              "path": "/nix/store/ryy6c4gim36bifn7l2n12rl8lxqk77z2-podman-5.6.2",
              "default": true
            },
            {
              "name": "man",
              "path": "/nix/store/kb8nhs69szhlc99pcliy49mik8lnap0q-podman-5.6.2-man",
              "default": true
            }
          ],
          "store_path": "/nix/store/ryy6c4gim36bifn7l2n12rl8lxqk77z2-podman-5.6.2"
        }
      }
    },
    "pre-commit@3.7.1": {
      "last_modified": "2024-10-16T02:16:09Z",
      "resolved": "github:NixOS/nixpkgs/70cc7b62f2b448a487de36e1fd714693c59c4719#pre-commit",
      "source": "devbox-search",
      "version": "3.7.1",
      "systems": {
        "aarch64-darwin": {
          "outputs": [
            {
              "name": "out",
              "path": "/nix/store/flzj4pzl43m29ml7brh4gabw9rxrvrml-pre-commit-3.7.1",
              "default": true
            },
            {
              "name": "dist",
              "path": "/nix/store/87dhz8r6jwy3487h78bbivhw9mg8g8h9-pre-commit-3.7.1-dist"
            }
          ],
          "store_path": "/nix/store/flzj4pzl43m29ml7brh4gabw9rxrvrml-pre-commit-3.7.1"
        },
        "aarch64-linux": {
          "outputs": [
            {
              "name": "out",
              "path": "/nix/store/jddjbmxg9rlawirkr8pg9dlj0xma9w1q-pre-commit-3.7.1",
              "default": true
            },
            {
              "name": "dist",
              "path": "/nix/store/2lpy8sfhcnn33ia5c77g5gyg1zz6b0qg-pre-commit-3.7.1-dist"
            }
          ],
          "store_path": "/nix/store/jddjbmxg9rlawirkr8pg9dlj0xma9w1q-pre-commit-3.7.1"
        },
        "x86_64-darwin": {
          "outputs": [
            {
              "name": "out",
              "path": "/nix/store/2ycxh3vvj0b1bk2pgj84jg88l49hbwq3-pre-commit-3.7.1",
              "default": true
            },
            {
              "name": "dist",
              "path": "/nix/store/0wfmhzk48ziaw6vd26shy5mjazg9qsjc-pre-commit-3.7.1-dist"
            }
          ],
          "store_path": "/nix/store/2ycxh3vvj0b1bk2pgj84jg88l49hbwq3-pre-commit-3.7.1"
        },
        "x86_64-linux": {
          "outputs": [
            {
              "name": "out",
              "path": "/nix/store/zp9vk1y2fzlavzaz67ikipgh9hq58pxr-pre-commit-3.7.1",
              "default": true
            },
            {
              "name": "dist",
              "path": "/nix/store/k3hc0dqi88iik1n1kjc9ddp6rf9wp11v-pre-commit-3.7.1-dist"
            }
          ],
          "store_path": "/nix/store/zp9vk1y2fzlavzaz67ikipgh9hq58pxr-pre-commit-3.7.1"
        }
      }
    },
    "python312Packages.ansible@11.5.0": {
      "last_modified": "2025-06-20T02:24:11Z",
      "resolved": "github:NixOS/nixpkgs/076e8c6678d8c54204abcb4b1b14c366835a58bb#python312Packages.ansible",
      "source": "devbox-search",
      "version": "11.5.0",
      "systems": {
        "aarch64-darwin": {
          "outputs": [
            {
              "name": "out",
              "path": "/nix/store/npldzm62ca1aznxibz9av9g4fx85j1n5-python3.12-ansible-11.5.0",
              "default": true
            },
            {
              "name": "dist",
              "path": "/nix/store/8aizaaqydxvphqp2vlik9c3jxj49f0kl-python3.12-ansible-11.5.0-dist"
            }
          ],
          "store_path": "/nix/store/npldzm62ca1aznxibz9av9g4fx85j1n5-python3.12-ansible-11.5.0"
        },
        "aarch64-linux": {
          "outputs": [
            {
              "name": "out",
              "path": "/nix/store/lxjmr79jxc14j6xdawy6j5ckvmywwxi0-python3.12-ansible-11.5.0",
              "default": true
            },
            {
              "name": "dist",
              "path": "/nix/store/afz07301cz6n0sf5i3f7yvyqrxg2hapf-python3.12-ansible-11.5.0-dist"
            }
          ],
          "store_path": "/nix/store/lxjmr79jxc14j6xdawy6j5ckvmywwxi0-python3.12-ansible-11.5.0"
        },
        "x86_64-darwin": {
          "outputs": [
            {
              "name": "out",
              "path": "/nix/store/jmxlfzg4xiy3hi3bk6lyhp9agb0faj70-python3.12-ansible-11.5.0",
              "default": true
            },
            {
              "name": "dist",
              "path": "/nix/store/kx9iysxfi150xxzldwqjq0k82hnigpvn-python3.12-ansible-11.5.0-dist"
            }
          ],
          "store_path": "/nix/store/jmxlfzg4xiy3hi3bk6lyhp9agb0faj70-python3.12-ansible-11.5.0"
        },
        "x86_64-linux": {
          "outputs": [
            {
              "name": "out",
              "path": "/nix/store/iyfnyr1argkvd25q7hs4jlrsmv3zk6kq-python3.12-ansible-11.5.0",
              "default": true
            },
            {
              "name": "dist",
              "path": "/nix/store/9j11vxrky101ii63c69p48hndqm09vj7-python3.12-ansible-11.5.0-dist"
            }
          ],
          "store_path": "/nix/store/iyfnyr1argkvd25q7hs4jlrsmv3zk6kq-python3.12-ansible-11.5.0"
        }
      }
    },
    "python312Packages.molecule-plugins@23.5.3": {
      "last_modified": "2025-10-07T08:41:47Z",
      "resolved": "github:NixOS/nixpkgs/bce5fe2bb998488d8e7e7856315f90496723793c#python312Packages.molecule-plugins",
      "source": "devbox-search",
      "version": "23.5.3",
      "systems": {
        "aarch64-darwin": {
          "outputs": [
            {
              "name": "out",
              "path": "/nix/store/5x1cvjssj4cw3wdjrdc82ck8k256h7r8-python3.12-molecule-plugins-23.5.3",
              "default": true
            },
            {
              "name": "dist",
              "path": "/nix/store/hj6simz8kprlhaf7dav9cgb8md6k0hd0-python3.12-molecule-plugins-23.5.3-dist"
            }
          ],
          "store_path": "/nix/store/5x1cvjssj4cw3wdjrdc82ck8k256h7r8-python3.12-molecule-plugins-23.5.3"
        },
        "aarch64-linux": {
          "outputs": [
            {
              "name": "out",
              "path": "/nix/store/28i0v51w1x162fdly85g299cwinjjk6m-python3.12-molecule-plugins-23.5.3",
              "default": true
            },
            {
              "name": "dist",
              "path": "/nix/store/q33msrlc52msqnm2l6977khwv08dp5az-python3.12-molecule-plugins-23.5.3-dist"
            }
          ],
          "store_path": "/nix/store/28i0v51w1x162fdly85g299cwinjjk6m-python3.12-molecule-plugins-23.5.3"
        },
        "x86_64-darwin": {
          "outputs": [
            {
              "name": "out",
              "path": "/nix/store/faldkf9j7dn3qzwa8dyc0hjmdjbh6gny-python3.12-molecule-plugins-23.5.3",
              "default": true
            },
            {
              "name": "dist",
              "path": "/nix/store/99clxplkazyvvhwhrwsrbd76zvdyp33z-python3.12-molecule-plugins-23.5.3-dist"
            }
          ],
          "store_path": "/nix/store/faldkf9j7dn3qzwa8dyc0hjmdjbh6gny-python3.12-molecule-plugins-23.5.3"
        },
        "x86_64-linux": {
          "outputs": [
            {
              "name": "out",
              "path": "/nix/store/6cwrshwzg2xss3pf4qwyz68nrpi1fjqg-python3.12-molecule-plugins-23.5.3",
              "default": true
            },
            {
              "name": "dist",
              "path": "/nix/store/7nmjxl9ad4n9cmwq3vzqqyakv5vq6yvy-python3.12-molecule-plugins-23.5.3-dist"
            }
          ],
          "store_path": "/nix/store/6cwrshwzg2xss3pf4qwyz68nrpi1fjqg-python3.12-molecule-plugins-23.5.3"
        }
      }
    },
    "python312Packages.molecule@25.5.0": {
      "last_modified": "2025-06-20T02:24:11Z",
      "resolved": "github:NixOS/nixpkgs/076e8c6678d8c54204abcb4b1b14c366835a58bb#python312Packages.molecule",
      "source": "devbox-search",
      "version": "25.5.0",
      "systems": {
        "aarch64-darwin": {
          "outputs": [
            {
              "name": "out",
              "path": "/nix/store/1zybhpp3syk6iydjy2kak82m82pwmvld-python3.12-molecule-25.5.0",
              "default": true
            },
            {
              "name": "dist",
              "path": "/nix/store/cchzh1bga0zizdqjnz4ay2zh9d536bqy-python3.12-molecule-25.5.0-dist"
            }
          ],
          "store_path": "/nix/store/1zybhpp3syk6iydjy2kak82m82pwmvld-python3.12-molecule-25.5.0"
        },
        "aarch64-linux": {
          "outputs": [
            {
              "name": "out",
              "path": "/nix/store/9rblcyhjl3s1wvl4fbsa60nbv7i39wxj-python3.12-molecule-25.5.0",
              "default": true
            },
            {
              "name": "dist",
              "path": "/nix/store/rlwpkq54imamm0vm1yh0ias234kqqclj-python3.12-molecule-25.5.0-dist"
            }
          ],
          "store_path": "/nix/store/9rblcyhjl3s1wvl4fbsa60nbv7i39wxj-python3.12-molecule-25.5.0"
        },
        "x86_64-darwin": {
          "outputs": [
            {
              "name": "out",
              "path": "/nix/store/04hxl5gfpql89ix4cvlph04hnsl5wp19-python3.12-molecule-25.5.0",
              "default": true
            },
            {
              "name": "dist",
              "path": "/nix/store/ariwayxas356vz2wjls0rf3myw7305vm-python3.12-molecule-25.5.0-dist"
            }
          ],
          "store_path": "/nix/store/04hxl5gfpql89ix4cvlph04hnsl5wp19-python3.12-molecule-25.5.0"
        },
        "x86_64-linux": {
          "outputs": [
            {
              "name": "out",
              "path": "/nix/store/6j96s9a4s2nd2g908321x056688wpwnb-python3.12-molecule-25.5.0",
              "default": true
            },
            {
              "name": "dist",
              "path": "/nix/store/7gi0nivg01qg66jskxaanbzvlfvmgln1-python3.12-molecule-25.5.0-dist"
            }
          ],
          "store_path": "/nix/store/6j96s9a4s2nd2g908321x056688wpwnb-python3.12-molecule-25.5.0"
        }
      }
    },
    "yamllint@1.37.1": {
      "last_modified": "2025-10-07T08:41:47Z",
      "resolved": "github:NixOS/nixpkgs/bce5fe2bb998488d8e7e7856315f90496723793c#yamllint",
      "source": "devbox-search",
      "version": "1.37.1",
      "systems": {
        "aarch64-darwin": {
          "outputs": [
            {
              "name": "out",
              "path": "/nix/store/s27a4grrpss93zlb6j6zh7qwnc3zr3kr-python3.13-yamllint-1.37.1",
              "default": true
            },
            {
              "name": "dist",
              "path": "/nix/store/mnlbzhjhq1skg7mqmy842ipcap6fldi7-python3.13-yamllint-1.37.1-dist"
            }
          ],
          "store_path": "/nix/store/s27a4grrpss93zlb6j6zh7qwnc3zr3kr-python3.13-yamllint-1.37.1"
        },
        "aarch64-linux": {
          "outputs": [
            {
              "name": "out",
              "path": "/nix/store/948cqxrsm2ad9kmwvzxak2cqsizlj0mz-python3.13-yamllint-1.37.1",
              "default": true
            },
            {
              "name": "dist",
              "path": "/nix/store/5g1n5gigjvigj4qr4873ply36m1bc1ns-python3.13-yamllint-1.37.1-dist"
            }
          ],
          "store_path": "/nix/store/948cqxrsm2ad9kmwvzxak2cqsizlj0mz-python3.13-yamllint-1.37.1"
        },
        "x86_64-darwin": {
          "outputs": [
            {
              "name": "out",
              "path": "/nix/store/qzza3ghd9n2j4mw5ig62rh3wfyz9iy24-python3.13-yamllint-1.37.1",
              "default": true
            },
            {
              "name": "dist",
              "path": "/nix/store/3i7nwvkcb1rjiyc8xlz9vm1w9svhas8y-python3.13-yamllint-1.37.1-dist"
            }
          ],
          "store_path": "/nix/store/qzza3ghd9n2j4mw5ig62rh3wfyz9iy24-python3.13-yamllint-1.37.1"
        },
        "x86_64-linux": {
          "outputs": [
            {
              "name": "out",
              "path": "/nix/store/8hh67f8i24qi3cj663qr61fg2r43zpny-python3.13-yamllint-1.37.1",
              "default": true
            },
            {
              "name": "dist",
              "path": "/nix/store/wxy7pi9zj7m7q4k8mkypvqm7dwnyzq63-python3.13-yamllint-1.37.1-dist"
            }
          ],
          "store_path": "/nix/store/8hh67f8i24qi3cj663qr61fg2r43zpny-python3.13-yamllint-1.37.1"
        }
      }
    }
  }
}
